
Microsoft Visual Studio Solution File, Format Version 10.00
# Visual Studio 2008
Project("{E17AB4A1-DF35-4579-9E91-0CFFBFB6391A}") = "Paradox", "Paradox\Paradox.ucproj", "{2AE700D8-6DDC-4881-A159-28C20D49D3C0}"
EndProject
Global
	GlobalSection(SolutionConfigurationPlatforms) = preSolution
		Debug|Win32 = Debug|Win32
		Release|Win32 = Release|Win32
	EndGlobalSection
	GlobalSection(ProjectConfigurationPlatforms) = postSolution
		{2AE700D8-6DDC-4881-A159-28C20D49D3C0}.Debug|Win32.ActiveCfg = Debug|Win32
		{2AE700D8-6DDC-4881-A159-28C20D49D3C0}.Debug|Win32.Build.0 = Debug|Win32
		{2AE700D8-6DDC-4881-A159-28C20D49D3C0}.Release|Win32.ActiveCfg = Release|Win32
		{2AE700D8-6DDC-4881-A159-28C20D49D3C0}.Release|Win32.Build.0 = Release|Win32
	EndGlobalSection
	GlobalSection(SolutionProperties) = preSolution
		HideSolutionNode = FALSE
	EndGlobalSection
EndGlobal
